Microsoft Visual Studio Solution File, Format Version 12.00
# Visual Studio Version 17
VisualStudioVersion = 17.5.33414.496
MinimumVisualStudioVersion = 10.0.40219.1
Project("{8BC9CEB8-8B4A-11D0-8D11-00A0C91BC942}") = "bin-win32", "bin-win32\JA2.vcxproj", "{FBF9F112-A506-471C-A2F3-06DEF47FD111}"
	ProjectSection(ProjectDependencies) = postProject
		{1E5A01AA-C47E-4C14-AD20-9E152E321AE0} = {1E5A01AA-C47E-4C14-AD20-9E152E321AE0}
	EndProjectSection
EndProject
Project("{8BC9CEB8-8B4A-11D0-8D11-00A0C91BC942}") = "unittester", "unittester\unittester.vcxproj", "{4E96CB89-C00D-4CF2-864B-5B3A0328E311}"
	ProjectSection(ProjectDependencies) = postProject
		{1C513705-38F0-4ECA-866B-1D50A13EC65D} = {1C513705-38F0-4ECA-866B-1D50A13EC65D}
		{1E5A01AA-C47E-4C14-AD20-9E152E321AE0} = {1E5A01AA-C47E-4C14-AD20-9E152E321AE0}
	EndProjectSection
EndProject
Project("{8BC9CEB8-8B4A-11D0-8D11-00A0C91BC942}") = "ja2lib", "ja2lib\ja2lib.vcxproj", "{1E5A01AA-C47E-4C14-AD20-9E152E321AE0}"
EndProject
Project("{8BC9CEB8-8B4A-11D0-8D11-00A0C91BC942}") = "platform-win32", "platform-win32\platform-win32.vcxproj", "{FF1541B5-7106-4218-A367-8EFF734E72CB}"
EndProject
Project("{8BC9CEB8-8B4A-11D0-8D11-00A0C91BC942}") = "platform-dummy", "platform-dummy\platform-dummy.vcxproj", "{1C513705-38F0-4ECA-866B-1D50A13EC65D}"
EndProject
Global
	GlobalSection(SolutionConfigurationPlatforms) = preSolution
		Debug|Win32 = Debug|Win32
		Release|Win32 = Release|Win32
		ReleaseWithDebug|Win32 = ReleaseWithDebug|Win32
	EndGlobalSection
	GlobalSection(ProjectConfigurationPlatforms) = postSolution
		{FBF9F112-A506-471C-A2F3-06DEF47FD111}.Debug|Win32.ActiveCfg = Debug|Win32
		{FBF9F112-A506-471C-A2F3-06DEF47FD111}.Debug|Win32.Build.0 = Debug|Win32
		{FBF9F112-A506-471C-A2F3-06DEF47FD111}.Release|Win32.ActiveCfg = Release|Win32
		{FBF9F112-A506-471C-A2F3-06DEF47FD111}.Release|Win32.Build.0 = Release|Win32
		{FBF9F112-A506-471C-A2F3-06DEF47FD111}.ReleaseWithDebug|Win32.ActiveCfg = ReleaseWithDebug|Win32
		{FBF9F112-A506-471C-A2F3-06DEF47FD111}.ReleaseWithDebug|Win32.Build.0 = ReleaseWithDebug|Win32
		{4E96CB89-C00D-4CF2-864B-5B3A0328E311}.Debug|Win32.ActiveCfg = Debug|Win32
		{4E96CB89-C00D-4CF2-864B-5B3A0328E311}.Debug|Win32.Build.0 = Debug|Win32
		{4E96CB89-C00D-4CF2-864B-5B3A0328E311}.Release|Win32.ActiveCfg = Release|Win32
		{4E96CB89-C00D-4CF2-864B-5B3A0328E311}.Release|Win32.Build.0 = Release|Win32
		{4E96CB89-C00D-4CF2-864B-5B3A0328E311}.ReleaseWithDebug|Win32.ActiveCfg = Release|Win32
		{4E96CB89-C00D-4CF2-864B-5B3A0328E311}.ReleaseWithDebug|Win32.Build.0 = Release|Win32
		{1E5A01AA-C47E-4C14-AD20-9E152E321AE0}.Debug|Win32.ActiveCfg = Debug|Win32
		{1E5A01AA-C47E-4C14-AD20-9E152E321AE0}.Debug|Win32.Build.0 = Debug|Win32
		{1E5A01AA-C47E-4C14-AD20-9E152E321AE0}.Release|Win32.ActiveCfg = Release|Win32
		{1E5A01AA-C47E-4C14-AD20-9E152E321AE0}.Release|Win32.Build.0 = Release|Win32
		{1E5A01AA-C47E-4C14-AD20-9E152E321AE0}.ReleaseWithDebug|Win32.ActiveCfg = ReleaseWithDebug|Win32
		{1E5A01AA-C47E-4C14-AD20-9E152E321AE0}.ReleaseWithDebug|Win32.Build.0 = ReleaseWithDebug|Win32
		{FF1541B5-7106-4218-A367-8EFF734E72CB}.Debug|Win32.ActiveCfg = Debug|Win32
		{FF1541B5-7106-4218-A367-8EFF734E72CB}.Debug|Win32.Build.0 = Debug|Win32
		{FF1541B5-7106-4218-A367-8EFF734E72CB}.Release|Win32.ActiveCfg = Release|Win32
		{FF1541B5-7106-4218-A367-8EFF734E72CB}.Release|Win32.Build.0 = Release|Win32
		{FF1541B5-7106-4218-A367-8EFF734E72CB}.ReleaseWithDebug|Win32.ActiveCfg = Release|Win32
		{FF1541B5-7106-4218-A367-8EFF734E72CB}.ReleaseWithDebug|Win32.Build.0 = Release|Win32
		{1C513705-38F0-4ECA-866B-1D50A13EC65D}.Debug|Win32.ActiveCfg = Debug|Win32
		{1C513705-38F0-4ECA-866B-1D50A13EC65D}.Debug|Win32.Build.0 = Debug|Win32
		{1C513705-38F0-4ECA-866B-1D50A13EC65D}.Release|Win32.ActiveCfg = Release|Win32
		{1C513705-38F0-4ECA-866B-1D50A13EC65D}.Release|Win32.Build.0 = Release|Win32
		{1C513705-38F0-4ECA-866B-1D50A13EC65D}.ReleaseWithDebug|Win32.ActiveCfg = Release|Win32
		{1C513705-38F0-4ECA-866B-1D50A13EC65D}.ReleaseWithDebug|Win32.Build.0 = Release|Win32
	EndGlobalSection
	GlobalSection(SolutionProperties) = preSolution
		HideSolutionNode = FALSE
	EndGlobalSection
	GlobalSection(ExtensibilityGlobals) = postSolution
		SolutionGuid = {37840EE6-D37F-489D-80EC-1BF5BF01CD0A}
	EndGlobalSection
	GlobalSection(DPCodeReviewSolutionGUID) = preSolution
		DPCodeReviewSolutionGUID = {00000000-0000-0000-0000-000000000000}
	EndGlobalSection
EndGlobal
